
Microsoft Visual Studio Solution File, Format Version 12.00
# Visual Studio Version 16
VisualStudioVersion = 16.0.29025.244
MinimumVisualStudioVersion = 10.0.40219.1
Project("{FAE04EC0-301F-11D3-BF4B-00C04F79EFBC}") = "RCS.WpfShop", "RCS.WpfShop\RCS.WpfShop.csproj", "{961240DC-9FE9-4642-B877-FCBDCDE9E07C}"
EndProject
Project("{2150E333-8FDC-42A3-9474-1A3956D46DE8}") = "Solution Items", "Solution Items", "{08F09C6D-31A0-4E29-B132-A17F90E5321C}"
	ProjectSection(SolutionItems) = preProject
		GlobalAssemblyInfo.cs = GlobalAssemblyInfo.cs
		README.md = README.md
	EndProjectSection
EndProject
Project("{FAE04EC0-301F-11D3-BF4B-00C04F79EFBC}") = "RCS.WpfShop.ServiceClients.Products", "RCS.WpfShop.ServiceClients.Products\RCS.WpfShop.ServiceClients.Products.csproj", "{24156B78-6E6C-438C-BF1E-B34FD3C68800}"
EndProject
Project("{FAE04EC0-301F-11D3-BF4B-00C04F79EFBC}") = "RCS.WpfShop.Resources", "RCS.WpfShop.Resources\RCS.WpfShop.Resources.csproj", "{46A45E36-C4EB-4CA2-9B98-120038FCB2D7}"
EndProject
Project("{FAE04EC0-301F-11D3-BF4B-00C04F79EFBC}") = "RCS.WpfShop.Common", "RCS.WpfShop.Common\RCS.WpfShop.Common.csproj", "{9B4E52E2-C3E5-4A2F-BD05-520440DA673A}"
EndProject
Project("{FAE04EC0-301F-11D3-BF4B-00C04F79EFBC}") = "RCS.WpfShop.Modules.Products", "RCS.WpfShop.Modules.Products\RCS.WpfShop.Modules.Products.csproj", "{46FD7B84-C33F-4A86-AD84-57BDC92313AC}"
EndProject
Project("{FAE04EC0-301F-11D3-BF4B-00C04F79EFBC}") = "RCS.WpfShop.Common.Test", "RCS.WpfShop.Common.Test\RCS.WpfShop.Common.Test.csproj", "{F295C200-1D1F-4949-93E1-439056A6A8B3}"
EndProject
Project("{FAE04EC0-301F-11D3-BF4B-00C04F79EFBC}") = "RCS.WpfShop.Modules.About", "RCS.WpfShop.Modules.About\RCS.WpfShop.Modules.About.csproj", "{2174C129-E033-4499-A912-6BE4E7FE59B2}"
EndProject
Project("{FAE04EC0-301F-11D3-BF4B-00C04F79EFBC}") = "RCS.WpfShop.Modules.Products.Test", "RCS.WpfShop.Modules.Products.Test\RCS.WpfShop.Modules.Products.Test.csproj", "{F9E6A8CD-84AB-4CE3-AEC6-2DCD63B94EE9}"
EndProject
Project("{FAE04EC0-301F-11D3-BF4B-00C04F79EFBC}") = "RCS.WpfShop.TestGui", "RCS.WpfShop.TestGui\RCS.WpfShop.TestGui.csproj", "{72C188A4-97BB-46FE-8178-A13392006235}"
EndProject
Project("{FAE04EC0-301F-11D3-BF4B-00C04F79EFBC}") = "RCS.WpfShop.Modules.Products.TestGui", "RCS.WpfShop.Modules.Products.TestGui\RCS.WpfShop.Modules.Products.TestGui.csproj", "{7557530D-9415-4C4E-A9AB-90E757479F12}"
EndProject
Project("{FAE04EC0-301F-11D3-BF4B-00C04F79EFBC}") = "RCS.WpfShop.Modules.About.TestGui", "RCS.WpfShop.Modules.About.TestGui\RCS.WpfShop.Modules.About.TestGui.csproj", "{36D102C9-22C0-41ED-83CE-8B61613AFB22}"
EndProject
Project("{FAE04EC0-301F-11D3-BF4B-00C04F79EFBC}") = "RCS.WpfShop.ServiceClients.Products.Mock", "RCS.WpfShop.ServiceClients.Products.Mock\RCS.WpfShop.ServiceClients.Products.Mock.csproj", "{5A76D31B-2898-44CD-B345-55BD5D98486A}"
EndProject
Project("{FAE04EC0-301F-11D3-BF4B-00C04F79EFBC}") = "RCS.AdventureWorks.Common", "RCS.AdventureWorks.Common\RCS.AdventureWorks.Common.csproj", "{493D8ED2-1BA9-436C-981F-3A84523FA8A0}"
EndProject
Global
	GlobalSection(SolutionConfigurationPlatforms) = preSolution
		Debug|Any CPU = Debug|Any CPU
		DebugService|Any CPU = DebugService|Any CPU
		Release|Any CPU = Release|Any CPU
		Test|Any CPU = Test|Any CPU
	EndGlobalSection
	GlobalSection(ProjectConfigurationPlatforms) = postSolution
		{961240DC-9FE9-4642-B877-FCBDCDE9E07C}.Debug|Any CPU.ActiveCfg = Debug|Any CPU
		{961240DC-9FE9-4642-B877-FCBDCDE9E07C}.Debug|Any CPU.Build.0 = Debug|Any CPU
		{961240DC-9FE9-4642-B877-FCBDCDE9E07C}.DebugService|Any CPU.ActiveCfg = DebugService|Any CPU
		{961240DC-9FE9-4642-B877-FCBDCDE9E07C}.DebugService|Any CPU.Build.0 = DebugService|Any CPU
		{961240DC-9FE9-4642-B877-FCBDCDE9E07C}.Release|Any CPU.ActiveCfg = Release|Any CPU
		{961240DC-9FE9-4642-B877-FCBDCDE9E07C}.Release|Any CPU.Build.0 = Release|Any CPU
		{961240DC-9FE9-4642-B877-FCBDCDE9E07C}.Test|Any CPU.ActiveCfg = Test|Any CPU
		{961240DC-9FE9-4642-B877-FCBDCDE9E07C}.Test|Any CPU.Build.0 = Test|Any CPU
		{24156B78-6E6C-438C-BF1E-B34FD3C68800}.Debug|Any CPU.ActiveCfg = Debug|Any CPU
		{24156B78-6E6C-438C-BF1E-B34FD3C68800}.Debug|Any CPU.Build.0 = Debug|Any CPU
		{24156B78-6E6C-438C-BF1E-B34FD3C68800}.DebugService|Any CPU.ActiveCfg = DebugService|Any CPU
		{24156B78-6E6C-438C-BF1E-B34FD3C68800}.DebugService|Any CPU.Build.0 = DebugService|Any CPU
		{24156B78-6E6C-438C-BF1E-B34FD3C68800}.Release|Any CPU.ActiveCfg = Release|Any CPU
		{24156B78-6E6C-438C-BF1E-B34FD3C68800}.Release|Any CPU.Build.0 = Release|Any CPU
		{24156B78-6E6C-438C-BF1E-B34FD3C68800}.Test|Any CPU.ActiveCfg = Test|Any CPU
		{24156B78-6E6C-438C-BF1E-B34FD3C68800}.Test|Any CPU.Build.0 = Test|Any CPU
		{46A45E36-C4EB-4CA2-9B98-120038FCB2D7}.Debug|Any CPU.ActiveCfg = Debug|Any CPU
		{46A45E36-C4EB-4CA2-9B98-120038FCB2D7}.Debug|Any CPU.Build.0 = Debug|Any CPU
		{46A45E36-C4EB-4CA2-9B98-120038FCB2D7}.DebugService|Any CPU.ActiveCfg = DebugService|Any CPU
		{46A45E36-C4EB-4CA2-9B98-120038FCB2D7}.DebugService|Any CPU.Build.0 = DebugService|Any CPU
		{46A45E36-C4EB-4CA2-9B98-120038FCB2D7}.Release|Any CPU.ActiveCfg = Release|Any CPU
		{46A45E36-C4EB-4CA2-9B98-120038FCB2D7}.Release|Any CPU.Build.0 = Release|Any CPU
		{46A45E36-C4EB-4CA2-9B98-120038FCB2D7}.Test|Any CPU.ActiveCfg = Test|Any CPU
		{46A45E36-C4EB-4CA2-9B98-120038FCB2D7}.Test|Any CPU.Build.0 = Test|Any CPU
		{9B4E52E2-C3E5-4A2F-BD05-520440DA673A}.Debug|Any CPU.ActiveCfg = Debug|Any CPU
		{9B4E52E2-C3E5-4A2F-BD05-520440DA673A}.Debug|Any CPU.Build.0 = Debug|Any CPU
		{9B4E52E2-C3E5-4A2F-BD05-520440DA673A}.DebugService|Any CPU.ActiveCfg = DebugService|Any CPU
		{9B4E52E2-C3E5-4A2F-BD05-520440DA673A}.DebugService|Any CPU.Build.0 = DebugService|Any CPU
		{9B4E52E2-C3E5-4A2F-BD05-520440DA673A}.Release|Any CPU.ActiveCfg = Release|Any CPU
		{9B4E52E2-C3E5-4A2F-BD05-520440DA673A}.Release|Any CPU.Build.0 = Release|Any CPU
		{9B4E52E2-C3E5-4A2F-BD05-520440DA673A}.Test|Any CPU.ActiveCfg = Test|Any CPU
		{9B4E52E2-C3E5-4A2F-BD05-520440DA673A}.Test|Any CPU.Build.0 = Test|Any CPU
		{46FD7B84-C33F-4A86-AD84-57BDC92313AC}.Debug|Any CPU.ActiveCfg = Debug|Any CPU
		{46FD7B84-C33F-4A86-AD84-57BDC92313AC}.Debug|Any CPU.Build.0 = Debug|Any CPU
		{46FD7B84-C33F-4A86-AD84-57BDC92313AC}.DebugService|Any CPU.ActiveCfg = DebugService|Any CPU
		{46FD7B84-C33F-4A86-AD84-57BDC92313AC}.DebugService|Any CPU.Build.0 = DebugService|Any CPU
		{46FD7B84-C33F-4A86-AD84-57BDC92313AC}.Release|Any CPU.ActiveCfg = Release|Any CPU
		{46FD7B84-C33F-4A86-AD84-57BDC92313AC}.Release|Any CPU.Build.0 = Release|Any CPU
		{46FD7B84-C33F-4A86-AD84-57BDC92313AC}.Test|Any CPU.ActiveCfg = Test|Any CPU
		{46FD7B84-C33F-4A86-AD84-57BDC92313AC}.Test|Any CPU.Build.0 = Test|Any CPU
		{F295C200-1D1F-4949-93E1-439056A6A8B3}.Debug|Any CPU.ActiveCfg = Debug|Any CPU
		{F295C200-1D1F-4949-93E1-439056A6A8B3}.DebugService|Any CPU.ActiveCfg = DebugService|Any CPU
		{F295C200-1D1F-4949-93E1-439056A6A8B3}.Release|Any CPU.ActiveCfg = Release|Any CPU
		{F295C200-1D1F-4949-93E1-439056A6A8B3}.Release|Any CPU.Build.0 = Release|Any CPU
		{F295C200-1D1F-4949-93E1-439056A6A8B3}.Test|Any CPU.ActiveCfg = Test|Any CPU
		{F295C200-1D1F-4949-93E1-439056A6A8B3}.Test|Any CPU.Build.0 = Test|Any CPU
		{2174C129-E033-4499-A912-6BE4E7FE59B2}.Debug|Any CPU.ActiveCfg = Debug|Any CPU
		{2174C129-E033-4499-A912-6BE4E7FE59B2}.Debug|Any CPU.Build.0 = Debug|Any CPU
		{2174C129-E033-4499-A912-6BE4E7FE59B2}.DebugService|Any CPU.ActiveCfg = DebugService|Any CPU
		{2174C129-E033-4499-A912-6BE4E7FE59B2}.DebugService|Any CPU.Build.0 = DebugService|Any CPU
		{2174C129-E033-4499-A912-6BE4E7FE59B2}.Release|Any CPU.ActiveCfg = Release|Any CPU
		{2174C129-E033-4499-A912-6BE4E7FE59B2}.Release|Any CPU.Build.0 = Release|Any CPU
		{2174C129-E033-4499-A912-6BE4E7FE59B2}.Test|Any CPU.ActiveCfg = Test|Any CPU
		{2174C129-E033-4499-A912-6BE4E7FE59B2}.Test|Any CPU.Build.0 = Test|Any CPU
		{F9E6A8CD-84AB-4CE3-AEC6-2DCD63B94EE9}.Debug|Any CPU.ActiveCfg = Debug|Any CPU
		{F9E6A8CD-84AB-4CE3-AEC6-2DCD63B94EE9}.DebugService|Any CPU.ActiveCfg = DebugService|Any CPU
		{F9E6A8CD-84AB-4CE3-AEC6-2DCD63B94EE9}.Release|Any CPU.ActiveCfg = Release|Any CPU
		{F9E6A8CD-84AB-4CE3-AEC6-2DCD63B94EE9}.Release|Any CPU.Build.0 = Release|Any CPU
		{F9E6A8CD-84AB-4CE3-AEC6-2DCD63B94EE9}.Test|Any CPU.ActiveCfg = Test|Any CPU
		{F9E6A8CD-84AB-4CE3-AEC6-2DCD63B94EE9}.Test|Any CPU.Build.0 = Test|Any CPU
		{72C188A4-97BB-46FE-8178-A13392006235}.Debug|Any CPU.ActiveCfg = Debug|Any CPU
		{72C188A4-97BB-46FE-8178-A13392006235}.DebugService|Any CPU.ActiveCfg = DebugService|Any CPU
		{72C188A4-97BB-46FE-8178-A13392006235}.Release|Any CPU.ActiveCfg = Release|Any CPU
		{72C188A4-97BB-46FE-8178-A13392006235}.Test|Any CPU.ActiveCfg = Test|Any CPU
		{72C188A4-97BB-46FE-8178-A13392006235}.Test|Any CPU.Build.0 = Test|Any CPU
		{7557530D-9415-4C4E-A9AB-90E757479F12}.Debug|Any CPU.ActiveCfg = Debug|Any CPU
		{7557530D-9415-4C4E-A9AB-90E757479F12}.DebugService|Any CPU.ActiveCfg = DebugService|Any CPU
		{7557530D-9415-4C4E-A9AB-90E757479F12}.Release|Any CPU.ActiveCfg = Release|Any CPU
		{7557530D-9415-4C4E-A9AB-90E757479F12}.Test|Any CPU.ActiveCfg = Test|Any CPU
		{7557530D-9415-4C4E-A9AB-90E757479F12}.Test|Any CPU.Build.0 = Test|Any CPU
		{36D102C9-22C0-41ED-83CE-8B61613AFB22}.Debug|Any CPU.ActiveCfg = Debug|Any CPU
		{36D102C9-22C0-41ED-83CE-8B61613AFB22}.DebugService|Any CPU.ActiveCfg = DebugService|Any CPU
		{36D102C9-22C0-41ED-83CE-8B61613AFB22}.Release|Any CPU.ActiveCfg = Release|Any CPU
		{36D102C9-22C0-41ED-83CE-8B61613AFB22}.Test|Any CPU.ActiveCfg = Test|Any CPU
		{36D102C9-22C0-41ED-83CE-8B61613AFB22}.Test|Any CPU.Build.0 = Test|Any CPU
		{5A76D31B-2898-44CD-B345-55BD5D98486A}.Debug|Any CPU.ActiveCfg = Debug|Any CPU
		{5A76D31B-2898-44CD-B345-55BD5D98486A}.Debug|Any CPU.Build.0 = Debug|Any CPU
		{5A76D31B-2898-44CD-B345-55BD5D98486A}.DebugService|Any CPU.ActiveCfg = DebugService|Any CPU
		{5A76D31B-2898-44CD-B345-55BD5D98486A}.DebugService|Any CPU.Build.0 = DebugService|Any CPU
		{5A76D31B-2898-44CD-B345-55BD5D98486A}.Release|Any CPU.ActiveCfg = Release|Any CPU
		{5A76D31B-2898-44CD-B345-55BD5D98486A}.Test|Any CPU.ActiveCfg = Test|Any CPU
		{5A76D31B-2898-44CD-B345-55BD5D98486A}.Test|Any CPU.Build.0 = Test|Any CPU
		{493D8ED2-1BA9-436C-981F-3A84523FA8A0}.Debug|Any CPU.ActiveCfg = Debug|Any CPU
		{493D8ED2-1BA9-436C-981F-3A84523FA8A0}.Debug|Any CPU.Build.0 = Debug|Any CPU
		{493D8ED2-1BA9-436C-981F-3A84523FA8A0}.DebugService|Any CPU.ActiveCfg = Debug|Any CPU
		{493D8ED2-1BA9-436C-981F-3A84523FA8A0}.DebugService|Any CPU.Build.0 = Debug|Any CPU
		{493D8ED2-1BA9-436C-981F-3A84523FA8A0}.Release|Any CPU.ActiveCfg = Release|Any CPU
		{493D8ED2-1BA9-436C-981F-3A84523FA8A0}.Release|Any CPU.Build.0 = Release|Any CPU
		{493D8ED2-1BA9-436C-981F-3A84523FA8A0}.Test|Any CPU.ActiveCfg = Release|Any CPU
		{493D8ED2-1BA9-436C-981F-3A84523FA8A0}.Test|Any CPU.Build.0 = Release|Any CPU
	EndGlobalSection
	GlobalSection(SolutionProperties) = preSolution
		HideSolutionNode = FALSE
	EndGlobalSection
	GlobalSection(ExtensibilityGlobals) = postSolution
		SolutionGuid = {1D0B8681-69A7-4012-836F-76730C78DC39}
	EndGlobalSection
EndGlobal
