
Microsoft Visual Studio Solution File, Format Version 12.00
# Visual Studio Express 14 for Windows Desktop
VisualStudioVersion = 14.0.23107.0
MinimumVisualStudioVersion = 10.0.40219.1
Project("{FAE04EC0-301F-11D3-BF4B-00C04F79EFBC}") = "Demo", "Demo\Demo.csproj", "{961240DC-9FE9-4642-B877-FCBDCDE9E07C}"
EndProject
Project("{FAE04EC0-301F-11D3-BF4B-00C04F79EFBC}") = "Demo.Test", "Demo.Test\Demo.Test.csproj", "{F295C200-1D1F-4949-93E1-439056A6A8B3}"
EndProject
Project("{FAE04EC0-301F-11D3-BF4B-00C04F79EFBC}") = "Demo.ServiceClients.Products", "C:\Users\Robert\Documents\Visual Studio 2015\Projects\WpfTestApplication\Demo.ServiceClients.Products\Demo.ServiceClients.Products.csproj", "{24156B78-6E6C-438C-BF1E-B34FD3C68800}"
EndProject
Project("{2150E333-8FDC-42A3-9474-1A3956D46DE8}") = "Solution Items", "Solution Items", "{08F09C6D-31A0-4E29-B132-A17F90E5321C}"
	ProjectSection(SolutionItems) = preProject
		README.md = README.md
	EndProjectSection
EndProject
Project("{FAE04EC0-301F-11D3-BF4B-00C04F79EFBC}") = "Demo.Model", "Demo.Model\Demo.Model.csproj", "{7EE41183-8FEF-4DD8-96F3-EE926AD409DE}"
EndProject
Project("{FAE04EC0-301F-11D3-BF4B-00C04F79EFBC}") = "Demo.Model.Test", "Demo.Model.Test\Demo.Model.Test.csproj", "{F9E6A8CD-84AB-4CE3-AEC6-2DCD63B94EE9}"
EndProject
Global
	GlobalSection(SolutionConfigurationPlatforms) = preSolution
		Debug|Any CPU = Debug|Any CPU
		Release|Any CPU = Release|Any CPU
	EndGlobalSection
	GlobalSection(ProjectConfigurationPlatforms) = postSolution
		{961240DC-9FE9-4642-B877-FCBDCDE9E07C}.Debug|Any CPU.ActiveCfg = Debug|Any CPU
		{961240DC-9FE9-4642-B877-FCBDCDE9E07C}.Debug|Any CPU.Build.0 = Debug|Any CPU
		{961240DC-9FE9-4642-B877-FCBDCDE9E07C}.Release|Any CPU.ActiveCfg = Release|Any CPU
		{961240DC-9FE9-4642-B877-FCBDCDE9E07C}.Release|Any CPU.Build.0 = Release|Any CPU
		{F295C200-1D1F-4949-93E1-439056A6A8B3}.Debug|Any CPU.ActiveCfg = Debug|Any CPU
		{F295C200-1D1F-4949-93E1-439056A6A8B3}.Debug|Any CPU.Build.0 = Debug|Any CPU
		{F295C200-1D1F-4949-93E1-439056A6A8B3}.Release|Any CPU.ActiveCfg = Release|Any CPU
		{F295C200-1D1F-4949-93E1-439056A6A8B3}.Release|Any CPU.Build.0 = Release|Any CPU
		{24156B78-6E6C-438C-BF1E-B34FD3C68800}.Debug|Any CPU.ActiveCfg = Debug|Any CPU
		{24156B78-6E6C-438C-BF1E-B34FD3C68800}.Debug|Any CPU.Build.0 = Debug|Any CPU
		{24156B78-6E6C-438C-BF1E-B34FD3C68800}.Release|Any CPU.ActiveCfg = Release|Any CPU
		{24156B78-6E6C-438C-BF1E-B34FD3C68800}.Release|Any CPU.Build.0 = Release|Any CPU
		{7EE41183-8FEF-4DD8-96F3-EE926AD409DE}.Debug|Any CPU.ActiveCfg = Debug|Any CPU
		{7EE41183-8FEF-4DD8-96F3-EE926AD409DE}.Debug|Any CPU.Build.0 = Debug|Any CPU
		{7EE41183-8FEF-4DD8-96F3-EE926AD409DE}.Release|Any CPU.ActiveCfg = Release|Any CPU
		{7EE41183-8FEF-4DD8-96F3-EE926AD409DE}.Release|Any CPU.Build.0 = Release|Any CPU
		{F9E6A8CD-84AB-4CE3-AEC6-2DCD63B94EE9}.Debug|Any CPU.ActiveCfg = Debug|Any CPU
		{F9E6A8CD-84AB-4CE3-AEC6-2DCD63B94EE9}.Debug|Any CPU.Build.0 = Debug|Any CPU
		{F9E6A8CD-84AB-4CE3-AEC6-2DCD63B94EE9}.Release|Any CPU.ActiveCfg = Release|Any CPU
		{F9E6A8CD-84AB-4CE3-AEC6-2DCD63B94EE9}.Release|Any CPU.Build.0 = Release|Any CPU
	EndGlobalSection
	GlobalSection(SolutionProperties) = preSolution
		HideSolutionNode = FALSE
	EndGlobalSection
EndGlobal
