
Microsoft Visual Studio Solution File, Format Version 12.00
# Visual Studio Express 14 for Windows Desktop
VisualStudioVersion = 14.0.23107.0
MinimumVisualStudioVersion = 10.0.40219.1
Project("{FAE04EC0-301F-11D3-BF4B-00C04F79EFBC}") = "Demo", "Demo\Demo.csproj", "{961240DC-9FE9-4642-B877-FCBDCDE9E07C}"
EndProject
Project("{FAE04EC0-301F-11D3-BF4B-00C04F79EFBC}") = "Demo.Test", "Demo.Test\Demo.Test.csproj", "{F295C200-1D1F-4949-93E1-439056A6A8B3}"
EndProject
Project("{FAE04EC0-301F-11D3-BF4B-00C04F79EFBC}") = "Demo.ServiceClients.Products", "C:\Users\Robert\Documents\Visual Studio 2015\Projects\WpfTestApplication\Demo.ServiceClients.Products\Demo.ServiceClients.Products.csproj", "{24156B78-6E6C-438C-BF1E-B34FD3C68800}"
EndProject
Global
	GlobalSection(SolutionConfigurationPlatforms) = preSolution
		Debug|Any CPU = Debug|Any CPU
		Release|Any CPU = Release|Any CPU
	EndGlobalSection
	GlobalSection(ProjectConfigurationPlatforms) = postSolution
		{961240DC-9FE9-4642-B877-FCBDCDE9E07C}.Debug|Any CPU.ActiveCfg = Debug|Any CPU
		{961240DC-9FE9-4642-B877-FCBDCDE9E07C}.Debug|Any CPU.Build.0 = Debug|Any CPU
		{961240DC-9FE9-4642-B877-FCBDCDE9E07C}.Release|Any CPU.ActiveCfg = Release|Any CPU
		{961240DC-9FE9-4642-B877-FCBDCDE9E07C}.Release|Any CPU.Build.0 = Release|Any CPU
		{F295C200-1D1F-4949-93E1-439056A6A8B3}.Debug|Any CPU.ActiveCfg = Debug|Any CPU
		{F295C200-1D1F-4949-93E1-439056A6A8B3}.Debug|Any CPU.Build.0 = Debug|Any CPU
		{F295C200-1D1F-4949-93E1-439056A6A8B3}.Release|Any CPU.ActiveCfg = Release|Any CPU
		{F295C200-1D1F-4949-93E1-439056A6A8B3}.Release|Any CPU.Build.0 = Release|Any CPU
		{24156B78-6E6C-438C-BF1E-B34FD3C68800}.Debug|Any CPU.ActiveCfg = Debug|Any CPU
		{24156B78-6E6C-438C-BF1E-B34FD3C68800}.Debug|Any CPU.Build.0 = Debug|Any CPU
		{24156B78-6E6C-438C-BF1E-B34FD3C68800}.Release|Any CPU.ActiveCfg = Release|Any CPU
		{24156B78-6E6C-438C-BF1E-B34FD3C68800}.Release|Any CPU.Build.0 = Release|Any CPU
	EndGlobalSection
	GlobalSection(SolutionProperties) = preSolution
		HideSolutionNode = FALSE
	EndGlobalSection
EndGlobal
